
Microsoft Visual Studio Solution File, Format Version 12.00
# Visual Studio Version 17
VisualStudioVersion = 17.10.35027.167
MinimumVisualStudioVersion = 10.0.40219.1
Project("{9A19103F-16F7-4668-BE54-9A1E7A4F7556}") = "Domain", "Entities\Domain.csproj", "{90213429-0316-4189-B6F4-A5E954572432}"
EndProject
Project("{9A19103F-16F7-4668-BE54-9A1E7A4F7556}") = "Application", "Application\Application.csproj", "{6F0E1701-5085-43AF-A3EA-AD97B2BC7C85}"
EndProject
Project("{9A19103F-16F7-4668-BE54-9A1E7A4F7556}") = "Infrastructure", "Infrastructure\Infrastructure.csproj", "{4AAE7445-1AC4-4A46-BE53-0B2A309BF0DF}"
EndProject
Project("{9A19103F-16F7-4668-BE54-9A1E7A4F7556}") = "WebAPI", "WebAPI\WebAPI.csproj", "{D74A323D-D1B9-444B-834B-94026E5237D8}"
EndProject
Project("{9A19103F-16F7-4668-BE54-9A1E7A4F7556}") = "UnitTestProject", "UnitTestProject\UnitTestProject.csproj", "{700A688F-519F-431A-97DE-F0295BC0528A}"
EndProject
Global
	GlobalSection(SolutionConfigurationPlatforms) = preSolution
		Debug|Any CPU = Debug|Any CPU
		Release|Any CPU = Release|Any CPU
	EndGlobalSection
	GlobalSection(ProjectConfigurationPlatforms) = postSolution
		{90213429-0316-4189-B6F4-A5E954572432}.Debug|Any CPU.ActiveCfg = Debug|Any CPU
		{90213429-0316-4189-B6F4-A5E954572432}.Debug|Any CPU.Build.0 = Debug|Any CPU
		{90213429-0316-4189-B6F4-A5E954572432}.Release|Any CPU.ActiveCfg = Release|Any CPU
		{90213429-0316-4189-B6F4-A5E954572432}.Release|Any CPU.Build.0 = Release|Any CPU
		{6F0E1701-5085-43AF-A3EA-AD97B2BC7C85}.Debug|Any CPU.ActiveCfg = Debug|Any CPU
		{6F0E1701-5085-43AF-A3EA-AD97B2BC7C85}.Debug|Any CPU.Build.0 = Debug|Any CPU
		{6F0E1701-5085-43AF-A3EA-AD97B2BC7C85}.Release|Any CPU.ActiveCfg = Release|Any CPU
		{6F0E1701-5085-43AF-A3EA-AD97B2BC7C85}.Release|Any CPU.Build.0 = Release|Any CPU
		{4AAE7445-1AC4-4A46-BE53-0B2A309BF0DF}.Debug|Any CPU.ActiveCfg = Debug|Any CPU
		{4AAE7445-1AC4-4A46-BE53-0B2A309BF0DF}.Debug|Any CPU.Build.0 = Debug|Any CPU
		{4AAE7445-1AC4-4A46-BE53-0B2A309BF0DF}.Release|Any CPU.ActiveCfg = Release|Any CPU
		{4AAE7445-1AC4-4A46-BE53-0B2A309BF0DF}.Release|Any CPU.Build.0 = Release|Any CPU
		{D74A323D-D1B9-444B-834B-94026E5237D8}.Debug|Any CPU.ActiveCfg = Debug|Any CPU
		{D74A323D-D1B9-444B-834B-94026E5237D8}.Debug|Any CPU.Build.0 = Debug|Any CPU
		{D74A323D-D1B9-444B-834B-94026E5237D8}.Release|Any CPU.ActiveCfg = Release|Any CPU
		{D74A323D-D1B9-444B-834B-94026E5237D8}.Release|Any CPU.Build.0 = Release|Any CPU
		{700A688F-519F-431A-97DE-F0295BC0528A}.Debug|Any CPU.ActiveCfg = Debug|Any CPU
		{700A688F-519F-431A-97DE-F0295BC0528A}.Debug|Any CPU.Build.0 = Debug|Any CPU
		{700A688F-519F-431A-97DE-F0295BC0528A}.Release|Any CPU.ActiveCfg = Release|Any CPU
		{700A688F-519F-431A-97DE-F0295BC0528A}.Release|Any CPU.Build.0 = Release|Any CPU
	EndGlobalSection
	GlobalSection(SolutionProperties) = preSolution
		HideSolutionNode = FALSE
	EndGlobalSection
	GlobalSection(ExtensibilityGlobals) = postSolution
		SolutionGuid = {5985B5EC-3D51-4C2E-BC46-34898EFA550F}
	EndGlobalSection
EndGlobal
